
Microsoft Visual Studio Solution File, Format Version 12.00
# Visual Studio Version 17
VisualStudioVersion = 17.8.34004.107
MinimumVisualStudioVersion = 10.0.40219.1
Project("{FAE04EC0-301F-11D3-BF4B-00C04F79EFBC}") = "SistemaGestionProyectoFinal", "SistemaGestionProyectoFinal\SistemaGestionProyectoFinal.csproj", "{0D285A62-00C6-4D91-8AC8-A58CA668787C}"
EndProject
Project("{FAE04EC0-301F-11D3-BF4B-00C04F79EFBC}") = "SistemaGestionBussiness", "SistemaGestionBussiness\SistemaGestionBussiness.csproj", "{C0FFAC3B-5950-4306-A10B-DB1789A10118}"
EndProject
Project("{FAE04EC0-301F-11D3-BF4B-00C04F79EFBC}") = "SistemaGestionData", "SistemaGestionData\SistemaGestionData.csproj", "{179D41F1-192B-4529-812D-61A77A12218F}"
EndProject
Project("{FAE04EC0-301F-11D3-BF4B-00C04F79EFBC}") = "SistemaGestionEntities", "SistemaGestionEntities\SistemaGestionEntities.csproj", "{265A05F6-35B3-40B3-8120-04E6849D4177}"
EndProject
Global
	GlobalSection(SolutionConfigurationPlatforms) = preSolution
		Debug|Any CPU = Debug|Any CPU
		Release|Any CPU = Release|Any CPU
	EndGlobalSection
	GlobalSection(ProjectConfigurationPlatforms) = postSolution
		{0D285A62-00C6-4D91-8AC8-A58CA668787C}.Debug|Any CPU.ActiveCfg = Debug|Any CPU
		{0D285A62-00C6-4D91-8AC8-A58CA668787C}.Debug|Any CPU.Build.0 = Debug|Any CPU
		{0D285A62-00C6-4D91-8AC8-A58CA668787C}.Release|Any CPU.ActiveCfg = Release|Any CPU
		{0D285A62-00C6-4D91-8AC8-A58CA668787C}.Release|Any CPU.Build.0 = Release|Any CPU
		{C0FFAC3B-5950-4306-A10B-DB1789A10118}.Debug|Any CPU.ActiveCfg = Debug|Any CPU
		{C0FFAC3B-5950-4306-A10B-DB1789A10118}.Debug|Any CPU.Build.0 = Debug|Any CPU
		{C0FFAC3B-5950-4306-A10B-DB1789A10118}.Release|Any CPU.ActiveCfg = Release|Any CPU
		{C0FFAC3B-5950-4306-A10B-DB1789A10118}.Release|Any CPU.Build.0 = Release|Any CPU
		{179D41F1-192B-4529-812D-61A77A12218F}.Debug|Any CPU.ActiveCfg = Debug|Any CPU
		{179D41F1-192B-4529-812D-61A77A12218F}.Debug|Any CPU.Build.0 = Debug|Any CPU
		{179D41F1-192B-4529-812D-61A77A12218F}.Release|Any CPU.ActiveCfg = Release|Any CPU
		{179D41F1-192B-4529-812D-61A77A12218F}.Release|Any CPU.Build.0 = Release|Any CPU
		{265A05F6-35B3-40B3-8120-04E6849D4177}.Debug|Any CPU.ActiveCfg = Debug|Any CPU
		{265A05F6-35B3-40B3-8120-04E6849D4177}.Debug|Any CPU.Build.0 = Debug|Any CPU
		{265A05F6-35B3-40B3-8120-04E6849D4177}.Release|Any CPU.ActiveCfg = Release|Any CPU
		{265A05F6-35B3-40B3-8120-04E6849D4177}.Release|Any CPU.Build.0 = Release|Any CPU
	EndGlobalSection
	GlobalSection(SolutionProperties) = preSolution
		HideSolutionNode = FALSE
	EndGlobalSection
	GlobalSection(ExtensibilityGlobals) = postSolution
		SolutionGuid = {4E8B54C7-ECE7-4AB3-A2B1-DDE606B34EFA}
	EndGlobalSection
EndGlobal
